
Microsoft Visual Studio Solution File, Format Version 12.00
# Visual Studio Version 17
VisualStudioVersion = 17.4.33205.214
MinimumVisualStudioVersion = 10.0.40219.1
Project("{FAE04EC0-301F-11D3-BF4B-00C04F79EFBC}") = "Bookstore", "Bookstore\Bookstore.csproj", "{8DC69EBC-A255-4318-A04A-6AD9F62EB196}"
EndProject
Project("{00D1A9C2-B5F0-4AF3-8072-F6C62B433612}") = "BookstoreDB", "BookstoreDB\BookstoreDB.sqlproj", "{131AA9BA-3ECD-48F1-B6F1-4AFE11157BF3}"
EndProject
Global
	GlobalSection(SolutionConfigurationPlatforms) = preSolution
		Debug|Any CPU = Debug|Any CPU
		Release|Any CPU = Release|Any CPU
	EndGlobalSection
	GlobalSection(ProjectConfigurationPlatforms) = postSolution
		{8DC69EBC-A255-4318-A04A-6AD9F62EB196}.Debug|Any CPU.ActiveCfg = Debug|Any CPU
		{8DC69EBC-A255-4318-A04A-6AD9F62EB196}.Debug|Any CPU.Build.0 = Debug|Any CPU
		{8DC69EBC-A255-4318-A04A-6AD9F62EB196}.Release|Any CPU.ActiveCfg = Release|Any CPU
		{8DC69EBC-A255-4318-A04A-6AD9F62EB196}.Release|Any CPU.Build.0 = Release|Any CPU
		{131AA9BA-3ECD-48F1-B6F1-4AFE11157BF3}.Debug|Any CPU.ActiveCfg = Debug|Any CPU
		{131AA9BA-3ECD-48F1-B6F1-4AFE11157BF3}.Debug|Any CPU.Build.0 = Debug|Any CPU
		{131AA9BA-3ECD-48F1-B6F1-4AFE11157BF3}.Debug|Any CPU.Deploy.0 = Debug|Any CPU
		{131AA9BA-3ECD-48F1-B6F1-4AFE11157BF3}.Release|Any CPU.ActiveCfg = Release|Any CPU
		{131AA9BA-3ECD-48F1-B6F1-4AFE11157BF3}.Release|Any CPU.Build.0 = Release|Any CPU
		{131AA9BA-3ECD-48F1-B6F1-4AFE11157BF3}.Release|Any CPU.Deploy.0 = Release|Any CPU
	EndGlobalSection
	GlobalSection(SolutionProperties) = preSolution
		HideSolutionNode = FALSE
	EndGlobalSection
	GlobalSection(ExtensibilityGlobals) = postSolution
		SolutionGuid = {856AD097-CA00-4407-B197-14FCD2A26E62}
	EndGlobalSection
EndGlobal
